// !$*UTF8*$!
{
	archiveVersion = 1;
	classes = {
	};
	objectVersion = 50;
	objects = {

/* Begin PBXBuildFile section */
		911C389E255DBA4200458662 /* ShopDescriptionViewModelTests.swift in Sources */ = {isa = PBXBuildFile; fileRef = 911C389D255DBA4200458662 /* ShopDescriptionViewModelTests.swift */; };
		911C38A0255DBA8900458662 /* MapViewModelTests.swift in Sources */ = {isa = PBXBuildFile; fileRef = 911C389F255DBA8900458662 /* MapViewModelTests.swift */; };
		91B016FD255DF18B0092D8B6 /* CategoriesViewController.swift in Sources */ = {isa = PBXBuildFile; fileRef = 91B016FA255DF18B0092D8B6 /* CategoriesViewController.swift */; };
		91B016FE255DF18B0092D8B6 /* CategoriesViewModel.swift in Sources */ = {isa = PBXBuildFile; fileRef = 91B016FB255DF18B0092D8B6 /* CategoriesViewModel.swift */; };
		91B016FF255DF18B0092D8B6 /* CategoriesDataSource.swift in Sources */ = {isa = PBXBuildFile; fileRef = 91B016FC255DF18B0092D8B6 /* CategoriesDataSource.swift */; };
		91B01701255DF1990092D8B6 /* Categories.swift in Sources */ = {isa = PBXBuildFile; fileRef = 91B01700255DF1990092D8B6 /* Categories.swift */; };
		91B01704255DF1A20092D8B6 /* CategoriesCell.swift in Sources */ = {isa = PBXBuildFile; fileRef = 91B01702255DF1A20092D8B6 /* CategoriesCell.swift */; };
		91B01705255DF1A20092D8B6 /* CategoriesCell.xib in Resources */ = {isa = PBXBuildFile; fileRef = 91B01703255DF1A20092D8B6 /* CategoriesCell.xib */; };
		91DCB137255ADCB400395EA0 /* Shop.swift in Sources */ = {isa = PBXBuildFile; fileRef = 91DCB136255ADCB400395EA0 /* Shop.swift */; };
		91DCB13A255AFBF100395EA0 /* ShopDescriptionViewController.swift in Sources */ = {isa = PBXBuildFile; fileRef = 91DCB139255AFBF100395EA0 /* ShopDescriptionViewController.swift */; };
		91DCB13C255AFC2C00395EA0 /* ShopDescriptionViewModel.swift in Sources */ = {isa = PBXBuildFile; fileRef = 91DCB13B255AFC2C00395EA0 /* ShopDescriptionViewModel.swift */; };
		91DCB13E255C49E700395EA0 /* SetSizePresentationController.swift in Sources */ = {isa = PBXBuildFile; fileRef = 91DCB13D255C49E700395EA0 /* SetSizePresentationController.swift */; };
		91E3B98D255A8EF700D45B23 /* AppDelegate.swift in Sources */ = {isa = PBXBuildFile; fileRef = 91E3B98C255A8EF700D45B23 /* AppDelegate.swift */; };
		91E3B994255A8EF700D45B23 /* Main.storyboard in Resources */ = {isa = PBXBuildFile; fileRef = 91E3B992255A8EF700D45B23 /* Main.storyboard */; };
		91E3B996255A8EFB00D45B23 /* Assets.xcassets in Resources */ = {isa = PBXBuildFile; fileRef = 91E3B995255A8EFB00D45B23 /* Assets.xcassets */; };
		91E3B999255A8EFB00D45B23 /* LaunchScreen.storyboard in Resources */ = {isa = PBXBuildFile; fileRef = 91E3B997255A8EFB00D45B23 /* LaunchScreen.storyboard */; };
		91E3B9B1255A8F8C00D45B23 /* Coordinator.swift in Sources */ = {isa = PBXBuildFile; fileRef = 91E3B9B0255A8F8C00D45B23 /* Coordinator.swift */; };
		91E3B9B3255A8FA100D45B23 /* Context.swift in Sources */ = {isa = PBXBuildFile; fileRef = 91E3B9B2255A8FA100D45B23 /* Context.swift */; };
		91E3B9B6255A8FE800D45B23 /* MainCoordinator.swift in Sources */ = {isa = PBXBuildFile; fileRef = 91E3B9B5255A8FE800D45B23 /* MainCoordinator.swift */; };
		91E3B9B8255A900A00D45B23 /* Screens.swift in Sources */ = {isa = PBXBuildFile; fileRef = 91E3B9B7255A900A00D45B23 /* Screens.swift */; };
		91E3B9BB255A904700D45B23 /* Closures.swift in Sources */ = {isa = PBXBuildFile; fileRef = 91E3B9BA255A904700D45B23 /* Closures.swift */; };
		91E3B9BD255A905E00D45B23 /* Extensions.swift in Sources */ = {isa = PBXBuildFile; fileRef = 91E3B9BC255A905E00D45B23 /* Extensions.swift */; };
		91E3B9C1255A90A200D45B23 /* HTTPClient.swift in Sources */ = {isa = PBXBuildFile; fileRef = 91E3B9C0255A90A200D45B23 /* HTTPClient.swift */; };
		91E3B9C3255A90D300D45B23 /* HTTPEngine.swift in Sources */ = {isa = PBXBuildFile; fileRef = 91E3B9C2255A90D300D45B23 /* HTTPEngine.swift */; };
		91E3B9C5255A90EA00D45B23 /* RequestCancellationToken.swift in Sources */ = {isa = PBXBuildFile; fileRef = 91E3B9C4255A90EA00D45B23 /* RequestCancellationToken.swift */; };
		91E3B9C8255A918400D45B23 /* MapCoordinator.swift in Sources */ = {isa = PBXBuildFile; fileRef = 91E3B9C7255A918400D45B23 /* MapCoordinator.swift */; };
		91E3B9CB255A91F800D45B23 /* MapViewController.swift in Sources */ = {isa = PBXBuildFile; fileRef = 91E3B9CA255A91F800D45B23 /* MapViewController.swift */; };
		91E3B9CD255A920300D45B23 /* MapViewModel.swift in Sources */ = {isa = PBXBuildFile; fileRef = 91E3B9CC255A920300D45B23 /* MapViewModel.swift */; };
/* End PBXBuildFile section */

/* Begin PBXContainerItemProxy section */
		91E3B9A0255A8EFB00D45B23 /* PBXContainerItemProxy */ = {
			isa = PBXContainerItemProxy;
			containerPortal = 91E3B981255A8EF700D45B23 /* Project object */;
			proxyType = 1;
			remoteGlobalIDString = 91E3B988255A8EF700D45B23;
			remoteInfo = Delicatessen;
		};
/* End PBXContainerItemProxy section */

/* Begin PBXFileReference section */
		911C389D255DBA4200458662 /* ShopDescriptionViewModelTests.swift */ = {isa = PBXFileReference; lastKnownFileType = sourcecode.swift; path = ShopDescriptionViewModelTests.swift; sourceTree = "<group>"; };
		911C389F255DBA8900458662 /* MapViewModelTests.swift */ = {isa = PBXFileReference; lastKnownFileType = sourcecode.swift; path = MapViewModelTests.swift; sourceTree = "<group>"; };
		91B016FA255DF18B0092D8B6 /* CategoriesViewController.swift */ = {isa = PBXFileReference; fileEncoding = 4; lastKnownFileType = sourcecode.swift; path = CategoriesViewController.swift; sourceTree = "<group>"; };
		91B016FB255DF18B0092D8B6 /* CategoriesViewModel.swift */ = {isa = PBXFileReference; fileEncoding = 4; lastKnownFileType = sourcecode.swift; path = CategoriesViewModel.swift; sourceTree = "<group>"; };
		91B016FC255DF18B0092D8B6 /* CategoriesDataSource.swift */ = {isa = PBXFileReference; fileEncoding = 4; lastKnownFileType = sourcecode.swift; path = CategoriesDataSource.swift; sourceTree = "<group>"; };
		91B01700255DF1990092D8B6 /* Categories.swift */ = {isa = PBXFileReference; fileEncoding = 4; lastKnownFileType = sourcecode.swift; path = Categories.swift; sourceTree = "<group>"; };
		91B01702255DF1A20092D8B6 /* CategoriesCell.swift */ = {isa = PBXFileReference; fileEncoding = 4; lastKnownFileType = sourcecode.swift; path = CategoriesCell.swift; sourceTree = "<group>"; };
		91B01703255DF1A20092D8B6 /* CategoriesCell.xib */ = {isa = PBXFileReference; fileEncoding = 4; lastKnownFileType = file.xib; path = CategoriesCell.xib; sourceTree = "<group>"; };
		91DCB136255ADCB400395EA0 /* Shop.swift */ = {isa = PBXFileReference; lastKnownFileType = sourcecode.swift; path = Shop.swift; sourceTree = "<group>"; };
		91DCB139255AFBF100395EA0 /* ShopDescriptionViewController.swift */ = {isa = PBXFileReference; lastKnownFileType = sourcecode.swift; path = ShopDescriptionViewController.swift; sourceTree = "<group>"; };
		91DCB13B255AFC2C00395EA0 /* ShopDescriptionViewModel.swift */ = {isa = PBXFileReference; lastKnownFileType = sourcecode.swift; path = ShopDescriptionViewModel.swift; sourceTree = "<group>"; };
		91DCB13D255C49E700395EA0 /* SetSizePresentationController.swift */ = {isa = PBXFileReference; lastKnownFileType = sourcecode.swift; path = SetSizePresentationController.swift; sourceTree = "<group>"; };
		91E3B989255A8EF700D45B23 /* Delicatessen.app */ = {isa = PBXFileReference; explicitFileType = wrapper.application; includeInIndex = 0; path = Delicatessen.app; sourceTree = BUILT_PRODUCTS_DIR; };
		91E3B98C255A8EF700D45B23 /* AppDelegate.swift */ = {isa = PBXFileReference; lastKnownFileType = sourcecode.swift; path = AppDelegate.swift; sourceTree = "<group>"; };
		91E3B993255A8EF700D45B23 /* Base */ = {isa = PBXFileReference; lastKnownFileType = file.storyboard; name = Base; path = Base.lproj/Main.storyboard; sourceTree = "<group>"; };
		91E3B995255A8EFB00D45B23 /* Assets.xcassets */ = {isa = PBXFileReference; lastKnownFileType = folder.assetcatalog; path = Assets.xcassets; sourceTree = "<group>"; };
		91E3B998255A8EFB00D45B23 /* Base */ = {isa = PBXFileReference; lastKnownFileType = file.storyboard; name = Base; path = Base.lproj/LaunchScreen.storyboard; sourceTree = "<group>"; };
		91E3B99A255A8EFB00D45B23 /* Info.plist */ = {isa = PBXFileReference; lastKnownFileType = text.plist.xml; path = Info.plist; sourceTree = "<group>"; };
		91E3B99F255A8EFB00D45B23 /* DelicatessenTests.xctest */ = {isa = PBXFileReference; explicitFileType = wrapper.cfbundle; includeInIndex = 0; path = DelicatessenTests.xctest; sourceTree = BUILT_PRODUCTS_DIR; };
		91E3B9A5255A8EFB00D45B23 /* Info.plist */ = {isa = PBXFileReference; lastKnownFileType = text.plist.xml; path = Info.plist; sourceTree = "<group>"; };
		91E3B9B0255A8F8C00D45B23 /* Coordinator.swift */ = {isa = PBXFileReference; lastKnownFileType = sourcecode.swift; path = Coordinator.swift; sourceTree = "<group>"; };
		91E3B9B2255A8FA100D45B23 /* Context.swift */ = {isa = PBXFileReference; lastKnownFileType = sourcecode.swift; path = Context.swift; sourceTree = "<group>"; };
		91E3B9B5255A8FE800D45B23 /* MainCoordinator.swift */ = {isa = PBXFileReference; lastKnownFileType = sourcecode.swift; path = MainCoordinator.swift; sourceTree = "<group>"; };
		91E3B9B7255A900A00D45B23 /* Screens.swift */ = {isa = PBXFileReference; lastKnownFileType = sourcecode.swift; path = Screens.swift; sourceTree = "<group>"; };
		91E3B9BA255A904700D45B23 /* Closures.swift */ = {isa = PBXFileReference; lastKnownFileType = sourcecode.swift; path = Closures.swift; sourceTree = "<group>"; };
		91E3B9BC255A905E00D45B23 /* Extensions.swift */ = {isa = PBXFileReference; lastKnownFileType = sourcecode.swift; path = Extensions.swift; sourceTree = "<group>"; };
		91E3B9C0255A90A200D45B23 /* HTTPClient.swift */ = {isa = PBXFileReference; lastKnownFileType = sourcecode.swift; path = HTTPClient.swift; sourceTree = "<group>"; };
		91E3B9C2255A90D300D45B23 /* HTTPEngine.swift */ = {isa = PBXFileReference; lastKnownFileType = sourcecode.swift; path = HTTPEngine.swift; sourceTree = "<group>"; };
		91E3B9C4255A90EA00D45B23 /* RequestCancellationToken.swift */ = {isa = PBXFileReference; lastKnownFileType = sourcecode.swift; path = RequestCancellationToken.swift; sourceTree = "<group>"; };
		91E3B9C7255A918400D45B23 /* MapCoordinator.swift */ = {isa = PBXFileReference; lastKnownFileType = sourcecode.swift; path = MapCoordinator.swift; sourceTree = "<group>"; };
		91E3B9CA255A91F800D45B23 /* MapViewController.swift */ = {isa = PBXFileReference; lastKnownFileType = sourcecode.swift; path = MapViewController.swift; sourceTree = "<group>"; };
		91E3B9CC255A920300D45B23 /* MapViewModel.swift */ = {isa = PBXFileReference; lastKnownFileType = sourcecode.swift; path = MapViewModel.swift; sourceTree = "<group>"; };
/* End PBXFileReference section */

/* Begin PBXFrameworksBuildPhase section */
		91E3B986255A8EF700D45B23 /* Frameworks */ = {
			isa = PBXFrameworksBuildPhase;
			buildActionMask = 2147483647;
			files = (
			);
			runOnlyForDeploymentPostprocessing = 0;
		};
		91E3B99C255A8EFB00D45B23 /* Frameworks */ = {
			isa = PBXFrameworksBuildPhase;
			buildActionMask = 2147483647;
			files = (
			);
			runOnlyForDeploymentPostprocessing = 0;
		};
/* End PBXFrameworksBuildPhase section */

/* Begin PBXGroup section */
		911C38A1255DBA8F00458662 /* Map */ = {
			isa = PBXGroup;
			children = (
				911C389F255DBA8900458662 /* MapViewModelTests.swift */,
			);
			path = Map;
			sourceTree = "<group>";
		};
		911C38A2255DBA9F00458662 /* ShopDescription */ = {
			isa = PBXGroup;
			children = (
				911C389D255DBA4200458662 /* ShopDescriptionViewModelTests.swift */,
			);
			path = ShopDescription;
			sourceTree = "<group>";
		};
		91B016F7255DF1030092D8B6 /* Categories */ = {
			isa = PBXGroup;
			children = (
				91B016F8255DF1130092D8B6 /* Custom View */,
				91B016F9255DF1230092D8B6 /* Model */,
				91B016FA255DF18B0092D8B6 /* CategoriesViewController.swift */,
				91B016FB255DF18B0092D8B6 /* CategoriesViewModel.swift */,
				91B016FC255DF18B0092D8B6 /* CategoriesDataSource.swift */,
			);
			path = Categories;
			sourceTree = "<group>";
		};
		91B016F8255DF1130092D8B6 /* Custom View */ = {
			isa = PBXGroup;
			children = (
				91B01702255DF1A20092D8B6 /* CategoriesCell.swift */,
				91B01703255DF1A20092D8B6 /* CategoriesCell.xib */,
			);
			path = "Custom View";
			sourceTree = "<group>";
		};
		91B016F9255DF1230092D8B6 /* Model */ = {
			isa = PBXGroup;
			children = (
				91B01700255DF1990092D8B6 /* Categories.swift */,
			);
			path = Model;
			sourceTree = "<group>";
		};
		91D0665F255DCBAB002922AC /* PresentationController */ = {
			isa = PBXGroup;
			children = (
				91DCB13D255C49E700395EA0 /* SetSizePresentationController.swift */,
			);
			path = PresentationController;
			sourceTree = "<group>";
		};
		91DCB138255AFBCD00395EA0 /* ShopDescription */ = {
			isa = PBXGroup;
			children = (
				91D0665F255DCBAB002922AC /* PresentationController */,
				91DCB139255AFBF100395EA0 /* ShopDescriptionViewController.swift */,
				91DCB13B255AFC2C00395EA0 /* ShopDescriptionViewModel.swift */,
			);
			path = ShopDescription;
			sourceTree = "<group>";
		};
		91E3B980255A8EF700D45B23 = {
			isa = PBXGroup;
			children = (
				91E3B98B255A8EF700D45B23 /* Delicatessen */,
				91E3B9A2255A8EFB00D45B23 /* DelicatessenTests */,
				91E3B98A255A8EF700D45B23 /* Products */,
			);
			sourceTree = "<group>";
		};
		91E3B98A255A8EF700D45B23 /* Products */ = {
			isa = PBXGroup;
			children = (
				91E3B989255A8EF700D45B23 /* Delicatessen.app */,
				91E3B99F255A8EFB00D45B23 /* DelicatessenTests.xctest */,
			);
			name = Products;
			sourceTree = "<group>";
		};
		91E3B98B255A8EF700D45B23 /* Delicatessen */ = {
			isa = PBXGroup;
			children = (
				91E3B9AE255A8F3A00D45B23 /* Sources */,
				91E3B9B4255A8FB700D45B23 /* App */,
				91E3B9B9255A903800D45B23 /* Commons */,
				91E3B9BE255A906400D45B23 /* Extensions */,
				91E3B9BF255A908300D45B23 /* Network */,
				91E3B9AF255A8F4200D45B23 /* Ressources */,
			);
			path = Delicatessen;
			sourceTree = "<group>";
		};
		91E3B9A2255A8EFB00D45B23 /* DelicatessenTests */ = {
			isa = PBXGroup;
			children = (
				911C38A1255DBA8F00458662 /* Map */,
				911C38A2255DBA9F00458662 /* ShopDescription */,
				91E3B9A5255A8EFB00D45B23 /* Info.plist */,
			);
			path = DelicatessenTests;
			sourceTree = "<group>";
		};
		91E3B9AE255A8F3A00D45B23 /* Sources */ = {
			isa = PBXGroup;
			children = (
				91E3B98C255A8EF700D45B23 /* AppDelegate.swift */,
				91E3B9B0255A8F8C00D45B23 /* Coordinator.swift */,
				91E3B9B7255A900A00D45B23 /* Screens.swift */,
				91E3B9B2255A8FA100D45B23 /* Context.swift */,
				91E3B9B5255A8FE800D45B23 /* MainCoordinator.swift */,
				91E3B992255A8EF700D45B23 /* Main.storyboard */,
			);
			path = Sources;
			sourceTree = "<group>";
		};
		91E3B9AF255A8F4200D45B23 /* Ressources */ = {
			isa = PBXGroup;
			children = (
				91E3B995255A8EFB00D45B23 /* Assets.xcassets */,
				91E3B997255A8EFB00D45B23 /* LaunchScreen.storyboard */,
				91E3B99A255A8EFB00D45B23 /* Info.plist */,
			);
			path = Ressources;
			sourceTree = "<group>";
		};
		91E3B9B4255A8FB700D45B23 /* App */ = {
			isa = PBXGroup;
			children = (
				91E3B9C6255A917700D45B23 /* Navigation */,
				91E3B9C9255A91E100D45B23 /* Map */,
				91DCB138255AFBCD00395EA0 /* ShopDescription */,
				91B016F7255DF1030092D8B6 /* Categories */,
			);
			path = App;
			sourceTree = "<group>";
		};
		91E3B9B9255A903800D45B23 /* Commons */ = {
			isa = PBXGroup;
			children = (
				91E3B9BA255A904700D45B23 /* Closures.swift */,
			);
			path = Commons;
			sourceTree = "<group>";
		};
		91E3B9BE255A906400D45B23 /* Extensions */ = {
			isa = PBXGroup;
			children = (
				91E3B9BC255A905E00D45B23 /* Extensions.swift */,
			);
			path = Extensions;
			sourceTree = "<group>";
		};
		91E3B9BF255A908300D45B23 /* Network */ = {
			isa = PBXGroup;
			children = (
				91E3B9C0255A90A200D45B23 /* HTTPClient.swift */,
				91E3B9C2255A90D300D45B23 /* HTTPEngine.swift */,
				91E3B9C4255A90EA00D45B23 /* RequestCancellationToken.swift */,
			);
			path = Network;
			sourceTree = "<group>";
		};
		91E3B9C6255A917700D45B23 /* Navigation */ = {
			isa = PBXGroup;
			children = (
				91E3B9C7255A918400D45B23 /* MapCoordinator.swift */,
			);
			path = Navigation;
			sourceTree = "<group>";
		};
		91E3B9C9255A91E100D45B23 /* Map */ = {
			isa = PBXGroup;
			children = (
				91E3B9CA255A91F800D45B23 /* MapViewController.swift */,
				91E3B9CC255A920300D45B23 /* MapViewModel.swift */,
				91DCB136255ADCB400395EA0 /* Shop.swift */,
			);
			path = Map;
			sourceTree = "<group>";
		};
/* End PBXGroup section */

/* Begin PBXNativeTarget section */
		91E3B988255A8EF700D45B23 /* Delicatessen */ = {
			isa = PBXNativeTarget;
			buildConfigurationList = 91E3B9A8255A8EFB00D45B23 /* Build configuration list for PBXNativeTarget "Delicatessen" */;
			buildPhases = (
				91E3B985255A8EF700D45B23 /* Sources */,
				91E3B986255A8EF700D45B23 /* Frameworks */,
				91E3B987255A8EF700D45B23 /* Resources */,
			);
			buildRules = (
			);
			dependencies = (
			);
			name = Delicatessen;
			productName = Delicatessen;
			productReference = 91E3B989255A8EF700D45B23 /* Delicatessen.app */;
			productType = "com.apple.product-type.application";
		};
		91E3B99E255A8EFB00D45B23 /* DelicatessenTests */ = {
			isa = PBXNativeTarget;
			buildConfigurationList = 91E3B9AB255A8EFB00D45B23 /* Build configuration list for PBXNativeTarget "DelicatessenTests" */;
			buildPhases = (
				91E3B99B255A8EFB00D45B23 /* Sources */,
				91E3B99C255A8EFB00D45B23 /* Frameworks */,
				91E3B99D255A8EFB00D45B23 /* Resources */,
			);
			buildRules = (
			);
			dependencies = (
				91E3B9A1255A8EFB00D45B23 /* PBXTargetDependency */,
			);
			name = DelicatessenTests;
			productName = DelicatessenTests;
			productReference = 91E3B99F255A8EFB00D45B23 /* DelicatessenTests.xctest */;
			productType = "com.apple.product-type.bundle.unit-test";
		};
/* End PBXNativeTarget section */

/* Begin PBXProject section */
		91E3B981255A8EF700D45B23 /* Project object */ = {
			isa = PBXProject;
			attributes = {
				LastSwiftUpdateCheck = 1160;
				LastUpgradeCheck = 1160;
				ORGANIZATIONNAME = "Chimere.io LTD";
				TargetAttributes = {
					91E3B988255A8EF700D45B23 = {
						CreatedOnToolsVersion = 11.6;
					};
					91E3B99E255A8EFB00D45B23 = {
						CreatedOnToolsVersion = 11.6;
						TestTargetID = 91E3B988255A8EF700D45B23;
					};
				};
			};
			buildConfigurationList = 91E3B984255A8EF700D45B23 /* Build configuration list for PBXProject "Delicatessen" */;
			compatibilityVersion = "Xcode 9.3";
			developmentRegion = en;
			hasScannedForEncodings = 0;
			knownRegions = (
				en,
				Base,
			);
			mainGroup = 91E3B980255A8EF700D45B23;
			productRefGroup = 91E3B98A255A8EF700D45B23 /* Products */;
			projectDirPath = "";
			projectRoot = "";
			targets = (
				91E3B988255A8EF700D45B23 /* Delicatessen */,
				91E3B99E255A8EFB00D45B23 /* DelicatessenTests */,
			);
		};
/* End PBXProject section */

/* Begin PBXResourcesBuildPhase section */
		91E3B987255A8EF700D45B23 /* Resources */ = {
			isa = PBXResourcesBuildPhase;
			buildActionMask = 2147483647;
			files = (
				91E3B999255A8EFB00D45B23 /* LaunchScreen.storyboard in Resources */,
				91B01705255DF1A20092D8B6 /* CategoriesCell.xib in Resources */,
				91E3B996255A8EFB00D45B23 /* Assets.xcassets in Resources */,
				91E3B994255A8EF700D45B23 /* Main.storyboard in Resources */,
			);
			runOnlyForDeploymentPostprocessing = 0;
		};
		91E3B99D255A8EFB00D45B23 /* Resources */ = {
			isa = PBXResourcesBuildPhase;
			buildActionMask = 2147483647;
			files = (
			);
			runOnlyForDeploymentPostprocessing = 0;
		};
/* End PBXResourcesBuildPhase section */

/* Begin PBXSourcesBuildPhase section */
		91E3B985255A8EF700D45B23 /* Sources */ = {
			isa = PBXSourcesBuildPhase;
			buildActionMask = 2147483647;
			files = (
				91DCB13E255C49E700395EA0 /* SetSizePresentationController.swift in Sources */,
				91E3B9C5255A90EA00D45B23 /* RequestCancellationToken.swift in Sources */,
				91B016FD255DF18B0092D8B6 /* CategoriesViewController.swift in Sources */,
				91B01704255DF1A20092D8B6 /* CategoriesCell.swift in Sources */,
				91E3B9B1255A8F8C00D45B23 /* Coordinator.swift in Sources */,
				91E3B9C8255A918400D45B23 /* MapCoordinator.swift in Sources */,
				91DCB13C255AFC2C00395EA0 /* ShopDescriptionViewModel.swift in Sources */,
				91E3B9BD255A905E00D45B23 /* Extensions.swift in Sources */,
				91E3B9BB255A904700D45B23 /* Closures.swift in Sources */,
				91B01701255DF1990092D8B6 /* Categories.swift in Sources */,
				91DCB13A255AFBF100395EA0 /* ShopDescriptionViewController.swift in Sources */,
				91E3B9B6255A8FE800D45B23 /* MainCoordinator.swift in Sources */,
				91E3B9CB255A91F800D45B23 /* MapViewController.swift in Sources */,
				91E3B98D255A8EF700D45B23 /* AppDelegate.swift in Sources */,
				91E3B9C1255A90A200D45B23 /* HTTPClient.swift in Sources */,
				91E3B9B8255A900A00D45B23 /* Screens.swift in Sources */,
				91B016FF255DF18B0092D8B6 /* CategoriesDataSource.swift in Sources */,
				91E3B9B3255A8FA100D45B23 /* Context.swift in Sources */,
				91DCB137255ADCB400395EA0 /* Shop.swift in Sources */,
				91E3B9CD255A920300D45B23 /* MapViewModel.swift in Sources */,
				91B016FE255DF18B0092D8B6 /* CategoriesViewModel.swift in Sources */,
				91E3B9C3255A90D300D45B23 /* HTTPEngine.swift in Sources */,
			);
			runOnlyForDeploymentPostprocessing = 0;
		};
		91E3B99B255A8EFB00D45B23 /* Sources */ = {
			isa = PBXSourcesBuildPhase;
			buildActionMask = 2147483647;
			files = (
				911C38A0255DBA8900458662 /* MapViewModelTests.swift in Sources */,
				911C389E255DBA4200458662 /* ShopDescriptionViewModelTests.swift in Sources */,
			);
			runOnlyForDeploymentPostprocessing = 0;
		};
/* End PBXSourcesBuildPhase section */

/* Begin PBXTargetDependency section */
		91E3B9A1255A8EFB00D45B23 /* PBXTargetDependency */ = {
			isa = PBXTargetDependency;
			target = 91E3B988255A8EF700D45B23 /* Delicatessen */;
			targetProxy = 91E3B9A0255A8EFB00D45B23 /* PBXContainerItemProxy */;
		};
/* End PBXTargetDependency section */

/* Begin PBXVariantGroup section */
		91E3B992255A8EF700D45B23 /* Main.storyboard */ = {
			isa = PBXVariantGroup;
			children = (
				91E3B993255A8EF700D45B23 /* Base */,
			);
			name = Main.storyboard;
			sourceTree = "<group>";
		};
		91E3B997255A8EFB00D45B23 /* LaunchScreen.storyboard */ = {
			isa = PBXVariantGroup;
			children = (
				91E3B998255A8EFB00D45B23 /* Base */,
			);
			name = LaunchScreen.storyboard;
			sourceTree = "<group>";
		};
/* End PBXVariantGroup section */

/* Begin XCBuildConfiguration section */
		91E3B9A6255A8EFB00D45B23 /* Debug */ = {
			isa = XCBuildConfiguration;
			buildSettings = {
				ALWAYS_SEARCH_USER_PATHS = NO;
				CLANG_ANALYZER_NONNULL = YES;
				CLANG_ANALYZER_NUMBER_OBJECT_CONVERSION = YES_AGGRESSIVE;
				CLANG_CXX_LANGUAGE_STANDARD = "gnu++14";
				CLANG_CXX_LIBRARY = "libc++";
				CLANG_ENABLE_MODULES = YES;
				CLANG_ENABLE_OBJC_ARC = YES;
				CLANG_ENABLE_OBJC_WEAK = YES;
				CLANG_WARN_BLOCK_CAPTURE_AUTORELEASING = YES;
				CLANG_WARN_BOOL_CONVERSION = YES;
				CLANG_WARN_COMMA = YES;
				CLANG_WARN_CONSTANT_CONVERSION = YES;
				CLANG_WARN_DEPRECATED_OBJC_IMPLEMENTATIONS = YES;
				CLANG_WARN_DIRECT_OBJC_ISA_USAGE = YES_ERROR;
				CLANG_WARN_DOCUMENTATION_COMMENTS = YES;
				CLANG_WARN_EMPTY_BODY = YES;
				CLANG_WARN_ENUM_CONVERSION = YES;
				CLANG_WARN_INFINITE_RECURSION = YES;
				CLANG_WARN_INT_CONVERSION = YES;
				CLANG_WARN_NON_LITERAL_NULL_CONVERSION = YES;
				CLANG_WARN_OBJC_IMPLICIT_RETAIN_SELF = YES;
				CLANG_WARN_OBJC_LITERAL_CONVERSION = YES;
				CLANG_WARN_OBJC_ROOT_CLASS = YES_ERROR;
				CLANG_WARN_RANGE_LOOP_ANALYSIS = YES;
				CLANG_WARN_STRICT_PROTOTYPES = YES;
				CLANG_WARN_SUSPICIOUS_MOVE = YES;
				CLANG_WARN_UNGUARDED_AVAILABILITY = YES_AGGRESSIVE;
				CLANG_WARN_UNREACHABLE_CODE = YES;
				CLANG_WARN__DUPLICATE_METHOD_MATCH = YES;
				COPY_PHASE_STRIP = NO;
				DEBUG_INFORMATION_FORMAT = dwarf;
				ENABLE_STRICT_OBJC_MSGSEND = YES;
				ENABLE_TESTABILITY = YES;
				GCC_C_LANGUAGE_STANDARD = gnu11;
				GCC_DYNAMIC_NO_PIC = NO;
				GCC_NO_COMMON_BLOCKS = YES;
				GCC_OPTIMIZATION_LEVEL = 0;
				GCC_PREPROCESSOR_DEFINITIONS = (
					"DEBUG=1",
					"$(inherited)",
				);
				GCC_WARN_64_TO_32_BIT_CONVERSION = YES;
				GCC_WARN_ABOUT_RETURN_TYPE = YES_ERROR;
				GCC_WARN_UNDECLARED_SELECTOR = YES;
				GCC_WARN_UNINITIALIZED_AUTOS = YES_AGGRESSIVE;
				GCC_WARN_UNUSED_FUNCTION = YES;
				GCC_WARN_UNUSED_VARIABLE = YES;
				IPHONEOS_DEPLOYMENT_TARGET = 13.6;
				MTL_ENABLE_DEBUG_INFO = INCLUDE_SOURCE;
				MTL_FAST_MATH = YES;
				ONLY_ACTIVE_ARCH = YES;
				SDKROOT = iphoneos;
				SWIFT_ACTIVE_COMPILATION_CONDITIONS = DEBUG;
				SWIFT_OPTIMIZATION_LEVEL = "-Onone";
			};
			name = Debug;
		};
		91E3B9A7255A8EFB00D45B23 /* Release */ = {
			isa = XCBuildConfiguration;
			buildSettings = {
				ALWAYS_SEARCH_USER_PATHS = NO;
				CLANG_ANALYZER_NONNULL = YES;
				CLANG_ANALYZER_NUMBER_OBJECT_CONVERSION = YES_AGGRESSIVE;
				CLANG_CXX_LANGUAGE_STANDARD = "gnu++14";
				CLANG_CXX_LIBRARY = "libc++";
				CLANG_ENABLE_MODULES = YES;
				CLANG_ENABLE_OBJC_ARC = YES;
				CLANG_ENABLE_OBJC_WEAK = YES;
				CLANG_WARN_BLOCK_CAPTURE_AUTORELEASING = YES;
				CLANG_WARN_BOOL_CONVERSION = YES;
				CLANG_WARN_COMMA = YES;
				CLANG_WARN_CONSTANT_CONVERSION = YES;
				CLANG_WARN_DEPRECATED_OBJC_IMPLEMENTATIONS = YES;
				CLANG_WARN_DIRECT_OBJC_ISA_USAGE = YES_ERROR;
				CLANG_WARN_DOCUMENTATION_COMMENTS = YES;
				CLANG_WARN_EMPTY_BODY = YES;
				CLANG_WARN_ENUM_CONVERSION = YES;
				CLANG_WARN_INFINITE_RECURSION = YES;
				CLANG_WARN_INT_CONVERSION = YES;
				CLANG_WARN_NON_LITERAL_NULL_CONVERSION = YES;
				CLANG_WARN_OBJC_IMPLICIT_RETAIN_SELF = YES;
				CLANG_WARN_OBJC_LITERAL_CONVERSION = YES;
				CLANG_WARN_OBJC_ROOT_CLASS = YES_ERROR;
				CLANG_WARN_RANGE_LOOP_ANALYSIS = YES;
				CLANG_WARN_STRICT_PROTOTYPES = YES;
				CLANG_WARN_SUSPICIOUS_MOVE = YES;
				CLANG_WARN_UNGUARDED_AVAILABILITY = YES_AGGRESSIVE;
				CLANG_WARN_UNREACHABLE_CODE = YES;
				CLANG_WARN__DUPLICATE_METHOD_MATCH = YES;
				COPY_PHASE_STRIP = NO;
				DEBUG_INFORMATION_FORMAT = "dwarf-with-dsym";
				ENABLE_NS_ASSERTIONS = NO;
				ENABLE_STRICT_OBJC_MSGSEND = YES;
				GCC_C_LANGUAGE_STANDARD = gnu11;
				GCC_NO_COMMON_BLOCKS = YES;
				GCC_WARN_64_TO_32_BIT_CONVERSION = YES;
				GCC_WARN_ABOUT_RETURN_TYPE = YES_ERROR;
				GCC_WARN_UNDECLARED_SELECTOR = YES;
				GCC_WARN_UNINITIALIZED_AUTOS = YES_AGGRESSIVE;
				GCC_WARN_UNUSED_FUNCTION = YES;
				GCC_WARN_UNUSED_VARIABLE = YES;
				IPHONEOS_DEPLOYMENT_TARGET = 13.6;
				MTL_ENABLE_DEBUG_INFO = NO;
				MTL_FAST_MATH = YES;
				SDKROOT = iphoneos;
				SWIFT_COMPILATION_MODE = wholemodule;
				SWIFT_OPTIMIZATION_LEVEL = "-O";
				VALIDATE_PRODUCT = YES;
			};
			name = Release;
		};
		91E3B9A9255A8EFB00D45B23 /* Debug */ = {
			isa = XCBuildConfiguration;
			buildSettings = {
				ASSETCATALOG_COMPILER_APPICON_NAME = AppIcon;
				CODE_SIGN_STYLE = Automatic;
				DEVELOPMENT_TEAM = SPYXZN2GGQ;
				INFOPLIST_FILE = Delicatessen/Ressources/Info.plist;
				LD_RUNPATH_SEARCH_PATHS = (
					"$(inherited)",
					"@executable_path/Frameworks",
				);
				PRODUCT_BUNDLE_IDENTIFIER = com.Chimere.io.LTD.Delicatessen;
				PRODUCT_NAME = "$(TARGET_NAME)";
				SWIFT_VERSION = 5.0;
				TARGETED_DEVICE_FAMILY = 1;
			};
			name = Debug;
		};
		91E3B9AA255A8EFB00D45B23 /* Release */ = {
			isa = XCBuildConfiguration;
			buildSettings = {
				ASSETCATALOG_COMPILER_APPICON_NAME = AppIcon;
				CODE_SIGN_STYLE = Automatic;
				DEVELOPMENT_TEAM = SPYXZN2GGQ;
				INFOPLIST_FILE = Delicatessen/Ressources/Info.plist;
				LD_RUNPATH_SEARCH_PATHS = (
					"$(inherited)",
					"@executable_path/Frameworks",
				);
				PRODUCT_BUNDLE_IDENTIFIER = com.Chimere.io.LTD.Delicatessen;
				PRODUCT_NAME = "$(TARGET_NAME)";
				SWIFT_VERSION = 5.0;
				TARGETED_DEVICE_FAMILY = 1;
			};
			name = Release;
		};
		91E3B9AC255A8EFB00D45B23 /* Debug */ = {
			isa = XCBuildConfiguration;
			buildSettings = {
				ALWAYS_EMBED_SWIFT_STANDARD_LIBRARIES = YES;
				BUNDLE_LOADER = "$(TEST_HOST)";
				CODE_SIGN_STYLE = Automatic;
				DEVELOPMENT_TEAM = 4YBSB9J6FK;
				INFOPLIST_FILE = DelicatessenTests/Info.plist;
				IPHONEOS_DEPLOYMENT_TARGET = 13.6;
				LD_RUNPATH_SEARCH_PATHS = (
					"$(inherited)",
					"@executable_path/Frameworks",
					"@loader_path/Frameworks",
				);
				PRODUCT_BUNDLE_IDENTIFIER = com.Chimere.io.LTD.DelicatessenTests;
				PRODUCT_NAME = "$(TARGET_NAME)";
				SWIFT_VERSION = 5.0;
				TARGETED_DEVICE_FAMILY = "1,2";
				TEST_HOST = "$(BUILT_PRODUCTS_DIR)/Delicatessen.app/Delicatessen";
			};
			name = Debug;
		};
		91E3B9AD255A8EFB00D45B23 /* Release */ = {
			isa = XCBuildConfiguration;
			buildSettings = {
				ALWAYS_EMBED_SWIFT_STANDARD_LIBRARIES = YES;
				BUNDLE_LOADER = "$(TEST_HOST)";
				CODE_SIGN_STYLE = Automatic;
				DEVELOPMENT_TEAM = 4YBSB9J6FK;
				INFOPLIST_FILE = DelicatessenTests/Info.plist;
				IPHONEOS_DEPLOYMENT_TARGET = 13.6;
				LD_RUNPATH_SEARCH_PATHS = (
					"$(inherited)",
					"@executable_path/Frameworks",
					"@loader_path/Frameworks",
				);
				PRODUCT_BUNDLE_IDENTIFIER = com.Chimere.io.LTD.DelicatessenTests;
				PRODUCT_NAME = "$(TARGET_NAME)";
				SWIFT_VERSION = 5.0;
				TARGETED_DEVICE_FAMILY = "1,2";
				TEST_HOST = "$(BUILT_PRODUCTS_DIR)/Delicatessen.app/Delicatessen";
			};
			name = Release;
		};
/* End XCBuildConfiguration section */

/* Begin XCConfigurationList section */
		91E3B984255A8EF700D45B23 /* Build configuration list for PBXProject "Delicatessen" */ = {
			isa = XCConfigurationList;
			buildConfigurations = (
				91E3B9A6255A8EFB00D45B23 /* Debug */,
				91E3B9A7255A8EFB00D45B23 /* Release */,
			);
			defaultConfigurationIsVisible = 0;
			defaultConfigurationName = Release;
		};
		91E3B9A8255A8EFB00D45B23 /* Build configuration list for PBXNativeTarget "Delicatessen" */ = {
			isa = XCConfigurationList;
			buildConfigurations = (
				91E3B9A9255A8EFB00D45B23 /* Debug */,
				91E3B9AA255A8EFB00D45B23 /* Release */,
			);
			defaultConfigurationIsVisible = 0;
			defaultConfigurationName = Release;
		};
		91E3B9AB255A8EFB00D45B23 /* Build configuration list for PBXNativeTarget "DelicatessenTests" */ = {
			isa = XCConfigurationList;
			buildConfigurations = (
				91E3B9AC255A8EFB00D45B23 /* Debug */,
				91E3B9AD255A8EFB00D45B23 /* Release */,
			);
			defaultConfigurationIsVisible = 0;
			defaultConfigurationName = Release;
		};
/* End XCConfigurationList section */
	};
	rootObject = 91E3B981255A8EF700D45B23 /* Project object */;
}
